// !$*UTF8*$!
{
	archiveVersion = 1;
	classes = {
	};
	objectVersion = 54;
	objects = {

/* Begin PBXBuildFile section */
		058557BB273AAA24004C7B11 /* Assets.xcassets in Resources */ = {isa = PBXBuildFile; fileRef = 058557BA273AAA24004C7B11 /* Assets.xcassets */; };
		058557D9273AAEEB004C7B11 /* Preview Assets.xcassets in Resources */ = {isa = PBXBuildFile; fileRef = 058557D8273AAEEB004C7B11 /* Preview Assets.xcassets */; };
		07065AEB2C6CFB4100280500 /* IOSApp.swift in Sources */ = {isa = PBXBuildFile; fileRef = 07065AEA2C6CFB4100280500 /* IOSApp.swift */; };
		07065AF42C6D0D1900280500 /* AuthObserve.swift in Sources */ = {isa = PBXBuildFile; fileRef = 07065AF32C6D0D1900280500 /* AuthObserve.swift */; };
		07065AF92C6D1DA000280500 /* Defaults.swift in Sources */ = {isa = PBXBuildFile; fileRef = 07065AF82C6D1DA000280500 /* Defaults.swift */; };
		070679492C738813001A2275 /* Zoomable in Frameworks */ = {isa = PBXBuildFile; productRef = 070679482C738813001A2275 /* Zoomable */; };
		07557E9B2C70F91700044A96 /* Swinject in Frameworks */ = {isa = PBXBuildFile; productRef = 07557E9A2C70F91700044A96 /* Swinject */; };
		07C107432C6F9A440032F3E6 /* SearchObserve.swift in Sources */ = {isa = PBXBuildFile; fileRef = 07C107422C6F9A440032F3E6 /* SearchObserve.swift */; };
		07C107452C6F9A6B0032F3E6 /* AuthScreen.swift in Sources */ = {isa = PBXBuildFile; fileRef = 07C107442C6F9A6B0032F3E6 /* AuthScreen.swift */; };
		07C107472C6F9A940032F3E6 /* SearchScreen.swift in Sources */ = {isa = PBXBuildFile; fileRef = 07C107462C6F9A940032F3E6 /* SearchScreen.swift */; };
		07C107492C6F9AB20032F3E6 /* ProfileScreen.swift in Sources */ = {isa = PBXBuildFile; fileRef = 07C107482C6F9AB20032F3E6 /* ProfileScreen.swift */; };
		07C1074B2C6F9AC30032F3E6 /* ProfileObserve.swift in Sources */ = {isa = PBXBuildFile; fileRef = 07C1074A2C6F9AC30032F3E6 /* ProfileObserve.swift */; };
		07C1074D2C6F9B0C0032F3E6 /* PostCreatorScreen.swift in Sources */ = {isa = PBXBuildFile; fileRef = 07C1074C2C6F9B0C0032F3E6 /* PostCreatorScreen.swift */; };
		07C1074F2C6F9B1D0032F3E6 /* PostCreatorObserve.swift in Sources */ = {isa = PBXBuildFile; fileRef = 07C1074E2C6F9B1D0032F3E6 /* PostCreatorObserve.swift */; };
		07C107512C6F9B370032F3E6 /* PostScreen.swift in Sources */ = {isa = PBXBuildFile; fileRef = 07C107502C6F9B370032F3E6 /* PostScreen.swift */; };
		07C107532C6F9B5D0032F3E6 /* HomeScreen.swift in Sources */ = {isa = PBXBuildFile; fileRef = 07C107522C6F9B5D0032F3E6 /* HomeScreen.swift */; };
		07C107552C6F9B790032F3E6 /* HomeObserve.swift in Sources */ = {isa = PBXBuildFile; fileRef = 07C107542C6F9B790032F3E6 /* HomeObserve.swift */; };
		07C107572C6F9B950032F3E6 /* Items.swift in Sources */ = {isa = PBXBuildFile; fileRef = 07C107562C6F9B950032F3E6 /* Items.swift */; };
		07C107592C6F9BB30032F3E6 /* ChatScreen.swift in Sources */ = {isa = PBXBuildFile; fileRef = 07C107582C6F9BB30032F3E6 /* ChatScreen.swift */; };
		07C1075B2C6F9BDA0032F3E6 /* ChatObserve.swift in Sources */ = {isa = PBXBuildFile; fileRef = 07C1075A2C6F9BDA0032F3E6 /* ChatObserve.swift */; };
		07C1075D2C6F9C2B0032F3E6 /* MessengerScreen.swift in Sources */ = {isa = PBXBuildFile; fileRef = 07C1075C2C6F9C2B0032F3E6 /* MessengerScreen.swift */; };
		07C1075F2C6F9C480032F3E6 /* MessengerObserve.swift in Sources */ = {isa = PBXBuildFile; fileRef = 07C1075E2C6F9C480032F3E6 /* MessengerObserve.swift */; };
		07C83BD22C6B624100CC4485 /* AppModule.swift in Sources */ = {isa = PBXBuildFile; fileRef = 07C83BB32C6B624100CC4485 /* AppModule.swift */; };
		07C83BD32C6B624100CC4485 /* AppObserve.swift in Sources */ = {isa = PBXBuildFile; fileRef = 07C83BB42C6B624100CC4485 /* AppObserve.swift */; };
		07C83BD42C6B624100CC4485 /* Color.swift in Sources */ = {isa = PBXBuildFile; fileRef = 07C83BB62C6B624100CC4485 /* Color.swift */; };
		07C83BD52C6B624100CC4485 /* Scope.swift in Sources */ = {isa = PBXBuildFile; fileRef = 07C83BB72C6B624100CC4485 /* Scope.swift */; };
		07C83BD62C6B624100CC4485 /* Theme.swift in Sources */ = {isa = PBXBuildFile; fileRef = 07C83BB82C6B624100CC4485 /* Theme.swift */; };
		07C83BD72C6B624100CC4485 /* Roots.swift in Sources */ = {isa = PBXBuildFile; fileRef = 07C83BBA2C6B624100CC4485 /* Roots.swift */; };
		07C83BD82C6B624100CC4485 /* BarBuilder.swift in Sources */ = {isa = PBXBuildFile; fileRef = 07C83BBC2C6B624100CC4485 /* BarBuilder.swift */; };
		07C83BD92C6B624100CC4485 /* BottomBar.swift in Sources */ = {isa = PBXBuildFile; fileRef = 07C83BBD2C6B624100CC4485 /* BottomBar.swift */; };
		07C83BDA2C6B624100CC4485 /* BottomBarItem.swift in Sources */ = {isa = PBXBuildFile; fileRef = 07C83BBE2C6B624100CC4485 /* BottomBarItem.swift */; };
		07C83BDB2C6B624100CC4485 /* BottomBarItemView.swift in Sources */ = {isa = PBXBuildFile; fileRef = 07C83BBF2C6B624100CC4485 /* BottomBarItemView.swift */; };
		07C83BDC2C6B624100CC4485 /* BackButton.swift in Sources */ = {isa = PBXBuildFile; fileRef = 07C83BC12C6B624100CC4485 /* BackButton.swift */; };
		07C83BDD2C6B624100CC4485 /* BottomSheet.swift in Sources */ = {isa = PBXBuildFile; fileRef = 07C83BC22C6B624100CC4485 /* BottomSheet.swift */; };
		07C83BDE2C6B624100CC4485 /* Image.swift in Sources */ = {isa = PBXBuildFile; fileRef = 07C83BC32C6B624100CC4485 /* Image.swift */; };
		07C83BDF2C6B624100CC4485 /* NavigationDrawer.swift in Sources */ = {isa = PBXBuildFile; fileRef = 07C83BC42C6B624100CC4485 /* NavigationDrawer.swift */; };
		07C83BE02C6B624100CC4485 /* OutlinedTextField.swift in Sources */ = {isa = PBXBuildFile; fileRef = 07C83BC52C6B624100CC4485 /* OutlinedTextField.swift */; };
		07C83BE12C6B624100CC4485 /* StatusBar.swift in Sources */ = {isa = PBXBuildFile; fileRef = 07C83BC62C6B624100CC4485 /* StatusBar.swift */; };
		07C83BE22C6B624100CC4485 /* ToastView.swift in Sources */ = {isa = PBXBuildFile; fileRef = 07C83BC72C6B624100CC4485 /* ToastView.swift */; };
		07C83BE32C6B624100CC4485 /* Views.swift in Sources */ = {isa = PBXBuildFile; fileRef = 07C83BC82C6B624100CC4485 /* Views.swift */; };
		07C83BE42C6B624100CC4485 /* Media.swift in Sources */ = {isa = PBXBuildFile; fileRef = 07C83BCA2C6B624100CC4485 /* Media.swift */; };
		07C83BE52C6B624100CC4485 /* Utils.swift in Sources */ = {isa = PBXBuildFile; fileRef = 07C83BCB2C6B624100CC4485 /* Utils.swift */; };
		07C83BE62C6B624100CC4485 /* Web.swift in Sources */ = {isa = PBXBuildFile; fileRef = 07C83BCC2C6B624100CC4485 /* Web.swift */; };
		07C83BE72C6B624100CC4485 /* AppDelegate.swift in Sources */ = {isa = PBXBuildFile; fileRef = 07C83BCF2C6B624100CC4485 /* AppDelegate.swift */; };
		07C83BE82C6B624100CC4485 /* Main.swift in Sources */ = {isa = PBXBuildFile; fileRef = 07C83BD02C6B624100CC4485 /* Main.swift */; };
/* End PBXBuildFile section */

/* Begin PBXCopyFilesBuildPhase section */
		7555FFB4242A642300829871 /* Embed Frameworks */ = {
			isa = PBXCopyFilesBuildPhase;
			buildActionMask = 2147483647;
			dstPath = "";
			dstSubfolderSpec = 10;
			files = (
			);
			name = "Embed Frameworks";
			runOnlyForDeploymentPostprocessing = 0;
		};
/* End PBXCopyFilesBuildPhase section */

/* Begin PBXFileReference section */
		058557BA273AAA24004C7B11 /* Assets.xcassets */ = {isa = PBXFileReference; lastKnownFileType = folder.assetcatalog; path = Assets.xcassets; sourceTree = "<group>"; };
		058557D8273AAEEB004C7B11 /* Preview Assets.xcassets */ = {isa = PBXFileReference; lastKnownFileType = folder.assetcatalog; path = "Preview Assets.xcassets"; sourceTree = "<group>"; };
		07065AEA2C6CFB4100280500 /* IOSApp.swift */ = {isa = PBXFileReference; lastKnownFileType = sourcecode.swift; path = IOSApp.swift; sourceTree = "<group>"; };
		07065AF32C6D0D1900280500 /* AuthObserve.swift */ = {isa = PBXFileReference; lastKnownFileType = sourcecode.swift; path = AuthObserve.swift; sourceTree = "<group>"; };
		07065AF82C6D1DA000280500 /* Defaults.swift */ = {isa = PBXFileReference; lastKnownFileType = sourcecode.swift; path = Defaults.swift; sourceTree = "<group>"; };
		07C107422C6F9A440032F3E6 /* SearchObserve.swift */ = {isa = PBXFileReference; lastKnownFileType = sourcecode.swift; path = SearchObserve.swift; sourceTree = "<group>"; };
		07C107442C6F9A6B0032F3E6 /* AuthScreen.swift */ = {isa = PBXFileReference; lastKnownFileType = sourcecode.swift; path = AuthScreen.swift; sourceTree = "<group>"; };
		07C107462C6F9A940032F3E6 /* SearchScreen.swift */ = {isa = PBXFileReference; lastKnownFileType = sourcecode.swift; path = SearchScreen.swift; sourceTree = "<group>"; };
		07C107482C6F9AB20032F3E6 /* ProfileScreen.swift */ = {isa = PBXFileReference; lastKnownFileType = sourcecode.swift; path = ProfileScreen.swift; sourceTree = "<group>"; };
		07C1074A2C6F9AC30032F3E6 /* ProfileObserve.swift */ = {isa = PBXFileReference; lastKnownFileType = sourcecode.swift; path = ProfileObserve.swift; sourceTree = "<group>"; };
		07C1074C2C6F9B0C0032F3E6 /* PostCreatorScreen.swift */ = {isa = PBXFileReference; lastKnownFileType = sourcecode.swift; path = PostCreatorScreen.swift; sourceTree = "<group>"; };
		07C1074E2C6F9B1D0032F3E6 /* PostCreatorObserve.swift */ = {isa = PBXFileReference; lastKnownFileType = sourcecode.swift; path = PostCreatorObserve.swift; sourceTree = "<group>"; };
		07C107502C6F9B370032F3E6 /* PostScreen.swift */ = {isa = PBXFileReference; lastKnownFileType = sourcecode.swift; path = PostScreen.swift; sourceTree = "<group>"; };
		07C107522C6F9B5D0032F3E6 /* HomeScreen.swift */ = {isa = PBXFileReference; lastKnownFileType = sourcecode.swift; path = HomeScreen.swift; sourceTree = "<group>"; };
		07C107542C6F9B790032F3E6 /* HomeObserve.swift */ = {isa = PBXFileReference; lastKnownFileType = sourcecode.swift; path = HomeObserve.swift; sourceTree = "<group>"; };
		07C107562C6F9B950032F3E6 /* Items.swift */ = {isa = PBXFileReference; lastKnownFileType = sourcecode.swift; path = Items.swift; sourceTree = "<group>"; };
		07C107582C6F9BB30032F3E6 /* ChatScreen.swift */ = {isa = PBXFileReference; lastKnownFileType = sourcecode.swift; path = ChatScreen.swift; sourceTree = "<group>"; };
		07C1075A2C6F9BDA0032F3E6 /* ChatObserve.swift */ = {isa = PBXFileReference; lastKnownFileType = sourcecode.swift; path = ChatObserve.swift; sourceTree = "<group>"; };
		07C1075C2C6F9C2B0032F3E6 /* MessengerScreen.swift */ = {isa = PBXFileReference; lastKnownFileType = sourcecode.swift; path = MessengerScreen.swift; sourceTree = "<group>"; };
		07C1075E2C6F9C480032F3E6 /* MessengerObserve.swift */ = {isa = PBXFileReference; lastKnownFileType = sourcecode.swift; path = MessengerObserve.swift; sourceTree = "<group>"; };
		07C83BB32C6B624100CC4485 /* AppModule.swift */ = {isa = PBXFileReference; fileEncoding = 4; lastKnownFileType = sourcecode.swift; path = AppModule.swift; sourceTree = "<group>"; };
		07C83BB42C6B624100CC4485 /* AppObserve.swift */ = {isa = PBXFileReference; fileEncoding = 4; lastKnownFileType = sourcecode.swift; path = AppObserve.swift; sourceTree = "<group>"; };
		07C83BB62C6B624100CC4485 /* Color.swift */ = {isa = PBXFileReference; fileEncoding = 4; lastKnownFileType = sourcecode.swift; path = Color.swift; sourceTree = "<group>"; };
		07C83BB72C6B624100CC4485 /* Scope.swift */ = {isa = PBXFileReference; fileEncoding = 4; lastKnownFileType = sourcecode.swift; path = Scope.swift; sourceTree = "<group>"; };
		07C83BB82C6B624100CC4485 /* Theme.swift */ = {isa = PBXFileReference; fileEncoding = 4; lastKnownFileType = sourcecode.swift; path = Theme.swift; sourceTree = "<group>"; };
		07C83BBA2C6B624100CC4485 /* Roots.swift */ = {isa = PBXFileReference; fileEncoding = 4; lastKnownFileType = sourcecode.swift; path = Roots.swift; sourceTree = "<group>"; };
		07C83BBC2C6B624100CC4485 /* BarBuilder.swift */ = {isa = PBXFileReference; fileEncoding = 4; lastKnownFileType = sourcecode.swift; path = BarBuilder.swift; sourceTree = "<group>"; };
		07C83BBD2C6B624100CC4485 /* BottomBar.swift */ = {isa = PBXFileReference; fileEncoding = 4; lastKnownFileType = sourcecode.swift; path = BottomBar.swift; sourceTree = "<group>"; };
		07C83BBE2C6B624100CC4485 /* BottomBarItem.swift */ = {isa = PBXFileReference; fileEncoding = 4; lastKnownFileType = sourcecode.swift; path = BottomBarItem.swift; sourceTree = "<group>"; };
		07C83BBF2C6B624100CC4485 /* BottomBarItemView.swift */ = {isa = PBXFileReference; fileEncoding = 4; lastKnownFileType = sourcecode.swift; path = BottomBarItemView.swift; sourceTree = "<group>"; };
		07C83BC12C6B624100CC4485 /* BackButton.swift */ = {isa = PBXFileReference; fileEncoding = 4; lastKnownFileType = sourcecode.swift; path = BackButton.swift; sourceTree = "<group>"; };
		07C83BC22C6B624100CC4485 /* BottomSheet.swift */ = {isa = PBXFileReference; fileEncoding = 4; lastKnownFileType = sourcecode.swift; path = BottomSheet.swift; sourceTree = "<group>"; };
		07C83BC32C6B624100CC4485 /* Image.swift */ = {isa = PBXFileReference; fileEncoding = 4; lastKnownFileType = sourcecode.swift; path = Image.swift; sourceTree = "<group>"; };
		07C83BC42C6B624100CC4485 /* NavigationDrawer.swift */ = {isa = PBXFileReference; fileEncoding = 4; lastKnownFileType = sourcecode.swift; path = NavigationDrawer.swift; sourceTree = "<group>"; };
		07C83BC52C6B624100CC4485 /* OutlinedTextField.swift */ = {isa = PBXFileReference; fileEncoding = 4; lastKnownFileType = sourcecode.swift; path = OutlinedTextField.swift; sourceTree = "<group>"; };
		07C83BC62C6B624100CC4485 /* StatusBar.swift */ = {isa = PBXFileReference; fileEncoding = 4; lastKnownFileType = sourcecode.swift; path = StatusBar.swift; sourceTree = "<group>"; };
		07C83BC72C6B624100CC4485 /* ToastView.swift */ = {isa = PBXFileReference; fileEncoding = 4; lastKnownFileType = sourcecode.swift; path = ToastView.swift; sourceTree = "<group>"; };
		07C83BC82C6B624100CC4485 /* Views.swift */ = {isa = PBXFileReference; fileEncoding = 4; lastKnownFileType = sourcecode.swift; path = Views.swift; sourceTree = "<group>"; };
		07C83BCA2C6B624100CC4485 /* Media.swift */ = {isa = PBXFileReference; fileEncoding = 4; lastKnownFileType = sourcecode.swift; path = Media.swift; sourceTree = "<group>"; };
		07C83BCB2C6B624100CC4485 /* Utils.swift */ = {isa = PBXFileReference; fileEncoding = 4; lastKnownFileType = sourcecode.swift; path = Utils.swift; sourceTree = "<group>"; };
		07C83BCC2C6B624100CC4485 /* Web.swift */ = {isa = PBXFileReference; fileEncoding = 4; lastKnownFileType = sourcecode.swift; path = Web.swift; sourceTree = "<group>"; };
		07C83BCF2C6B624100CC4485 /* AppDelegate.swift */ = {isa = PBXFileReference; fileEncoding = 4; lastKnownFileType = sourcecode.swift; path = AppDelegate.swift; sourceTree = "<group>"; };
		07C83BD02C6B624100CC4485 /* Main.swift */ = {isa = PBXFileReference; fileEncoding = 4; lastKnownFileType = sourcecode.swift; path = Main.swift; sourceTree = "<group>"; };
		7555FF7B242A565900829871 /* iosApp.app */ = {isa = PBXFileReference; explicitFileType = wrapper.application; includeInIndex = 0; path = iosApp.app; sourceTree = BUILT_PRODUCTS_DIR; };
		7555FF8C242A565B00829871 /* Info.plist */ = {isa = PBXFileReference; lastKnownFileType = text.plist.xml; path = Info.plist; sourceTree = "<group>"; };
/* End PBXFileReference section */

/* Begin PBXFrameworksBuildPhase section */
		7555FF78242A565900829871 /* Frameworks */ = {
			isa = PBXFrameworksBuildPhase;
			buildActionMask = 2147483647;
			files = (
				07557E9B2C70F91700044A96 /* Swinject in Frameworks */,
				070679492C738813001A2275 /* Zoomable in Frameworks */,
			);
			runOnlyForDeploymentPostprocessing = 0;
		};
/* End PBXFrameworksBuildPhase section */

/* Begin PBXGroup section */
		058557D7273AAEEB004C7B11 /* Preview Content */ = {
			isa = PBXGroup;
			children = (
				058557D8273AAEEB004C7B11 /* Preview Assets.xcassets */,
			);
			path = "Preview Content";
			sourceTree = "<group>";
		};
		07065AEC2C6CFC6700280500 /* ui */ = {
			isa = PBXGroup;
			children = (
				07065AED2C6CFCB500280500 /* chat */,
				07065AEE2C6CFCC400280500 /* common */,
				07065AEF2C6CFCF300280500 /* home */,
				07065AF02C6CFD0600280500 /* post */,
				07065AF12C6CFD1400280500 /* profile */,
				07065AF22C6CFD3400280500 /* sign */,
			);
			path = ui;
			sourceTree = "<group>";
		};
		07065AED2C6CFCB500280500 /* chat */ = {
			isa = PBXGroup;
			children = (
				07C1075A2C6F9BDA0032F3E6 /* ChatObserve.swift */,
				07C107582C6F9BB30032F3E6 /* ChatScreen.swift */,
				07C1075E2C6F9C480032F3E6 /* MessengerObserve.swift */,
				07C1075C2C6F9C2B0032F3E6 /* MessengerScreen.swift */,
			);
			path = chat;
			sourceTree = "<group>";
		};
		07065AEE2C6CFCC400280500 /* common */ = {
			isa = PBXGroup;
			children = (
				07C107562C6F9B950032F3E6 /* Items.swift */,
			);
			path = common;
			sourceTree = "<group>";
		};
		07065AEF2C6CFCF300280500 /* home */ = {
			isa = PBXGroup;
			children = (
				07C107542C6F9B790032F3E6 /* HomeObserve.swift */,
				07C107522C6F9B5D0032F3E6 /* HomeScreen.swift */,
			);
			path = home;
			sourceTree = "<group>";
		};
		07065AF02C6CFD0600280500 /* post */ = {
			isa = PBXGroup;
			children = (
				07C1074E2C6F9B1D0032F3E6 /* PostCreatorObserve.swift */,
				07C1074C2C6F9B0C0032F3E6 /* PostCreatorScreen.swift */,
				07C107502C6F9B370032F3E6 /* PostScreen.swift */,
			);
			path = post;
			sourceTree = "<group>";
		};
		07065AF12C6CFD1400280500 /* profile */ = {
			isa = PBXGroup;
			children = (
				07C1074A2C6F9AC30032F3E6 /* ProfileObserve.swift */,
				07C107482C6F9AB20032F3E6 /* ProfileScreen.swift */,
				07C107422C6F9A440032F3E6 /* SearchObserve.swift */,
				07C107462C6F9A940032F3E6 /* SearchScreen.swift */,
			);
			path = profile;
			sourceTree = "<group>";
		};
		07065AF22C6CFD3400280500 /* sign */ = {
			isa = PBXGroup;
			children = (
				07065AF32C6D0D1900280500 /* AuthObserve.swift */,
				07C107442C6F9A6B0032F3E6 /* AuthScreen.swift */,
			);
			path = sign;
			sourceTree = "<group>";
		};
		07065AF52C6D1D4F00280500 /* data */ = {
			isa = PBXGroup;
			children = (
				07065AF72C6D1D7200280500 /* util */,
			);
			path = data;
			sourceTree = "<group>";
		};
		07065AF72C6D1D7200280500 /* util */ = {
			isa = PBXGroup;
			children = (
				07065AF82C6D1DA000280500 /* Defaults.swift */,
			);
			path = util;
			sourceTree = "<group>";
		};
		07C83BB52C6B624100CC4485 /* di */ = {
			isa = PBXGroup;
			children = (
				07C83BB32C6B624100CC4485 /* AppModule.swift */,
				07C83BB42C6B624100CC4485 /* AppObserve.swift */,
			);
			path = di;
			sourceTree = "<group>";
		};
		07C83BB92C6B624100CC4485 /* base */ = {
			isa = PBXGroup;
			children = (
				07C83BB62C6B624100CC4485 /* Color.swift */,
				07C83BB72C6B624100CC4485 /* Scope.swift */,
				07C83BB82C6B624100CC4485 /* Theme.swift */,
			);
			path = base;
			sourceTree = "<group>";
		};
		07C83BBB2C6B624100CC4485 /* navigation */ = {
			isa = PBXGroup;
			children = (
				07C83BBA2C6B624100CC4485 /* Roots.swift */,
			);
			path = navigation;
			sourceTree = "<group>";
		};
		07C83BC02C6B624100CC4485 /* bottomBar */ = {
			isa = PBXGroup;
			children = (
				07C83BBC2C6B624100CC4485 /* BarBuilder.swift */,
				07C83BBD2C6B624100CC4485 /* BottomBar.swift */,
				07C83BBE2C6B624100CC4485 /* BottomBarItem.swift */,
				07C83BBF2C6B624100CC4485 /* BottomBarItemView.swift */,
			);
			path = bottomBar;
			sourceTree = "<group>";
		};
		07C83BC92C6B624100CC4485 /* ui */ = {
			isa = PBXGroup;
			children = (
				07C83BC02C6B624100CC4485 /* bottomBar */,
				07C83BC12C6B624100CC4485 /* BackButton.swift */,
				07C83BC22C6B624100CC4485 /* BottomSheet.swift */,
				07C83BC32C6B624100CC4485 /* Image.swift */,
				07C83BC42C6B624100CC4485 /* NavigationDrawer.swift */,
				07C83BC52C6B624100CC4485 /* OutlinedTextField.swift */,
				07C83BC62C6B624100CC4485 /* StatusBar.swift */,
				07C83BC72C6B624100CC4485 /* ToastView.swift */,
				07C83BC82C6B624100CC4485 /* Views.swift */,
			);
			path = ui;
			sourceTree = "<group>";
		};
		07C83BCD2C6B624100CC4485 /* util */ = {
			isa = PBXGroup;
			children = (
				07C83BCA2C6B624100CC4485 /* Media.swift */,
				07C83BCB2C6B624100CC4485 /* Utils.swift */,
				07C83BCC2C6B624100CC4485 /* Web.swift */,
			);
			path = util;
			sourceTree = "<group>";
		};
		07C83BCE2C6B624100CC4485 /* global */ = {
			isa = PBXGroup;
			children = (
				07C83BB92C6B624100CC4485 /* base */,
				07C83BBB2C6B624100CC4485 /* navigation */,
				07C83BC92C6B624100CC4485 /* ui */,
				07C83BCD2C6B624100CC4485 /* util */,
			);
			path = global;
			sourceTree = "<group>";
		};
		7555FF72242A565900829871 = {
			isa = PBXGroup;
			children = (
				7555FF7D242A565900829871 /* iosApp */,
				7555FF7C242A565900829871 /* Products */,
				7555FFB0242A642200829871 /* Frameworks */,
			);
			sourceTree = "<group>";
		};
		7555FF7C242A565900829871 /* Products */ = {
			isa = PBXGroup;
			children = (
				7555FF7B242A565900829871 /* iosApp.app */,
			);
			name = Products;
			sourceTree = "<group>";
		};
		7555FF7D242A565900829871 /* iosApp */ = {
			isa = PBXGroup;
			children = (
				07065AF52C6D1D4F00280500 /* data */,
				07C83BCE2C6B624100CC4485 /* global */,
				07C83BB52C6B624100CC4485 /* di */,
				07065AEC2C6CFC6700280500 /* ui */,
				07C83BCF2C6B624100CC4485 /* AppDelegate.swift */,
				07C83BD02C6B624100CC4485 /* Main.swift */,
				07065AEA2C6CFB4100280500 /* IOSApp.swift */,
				058557BA273AAA24004C7B11 /* Assets.xcassets */,
				7555FF8C242A565B00829871 /* Info.plist */,
				058557D7273AAEEB004C7B11 /* Preview Content */,
			);
			path = iosApp;
			sourceTree = "<group>";
		};
		7555FFB0242A642200829871 /* Frameworks */ = {
			isa = PBXGroup;
			children = (
			);
			name = Frameworks;
			sourceTree = "<group>";
		};
/* End PBXGroup section */

/* Begin PBXNativeTarget section */
		7555FF7A242A565900829871 /* iosApp */ = {
			isa = PBXNativeTarget;
			buildConfigurationList = 7555FFA5242A565B00829871 /* Build configuration list for PBXNativeTarget "iosApp" */;
			buildPhases = (
				7555FFB5242A651A00829871 /* ShellScript */,
				7555FF77242A565900829871 /* Sources */,
				7555FF78242A565900829871 /* Frameworks */,
				7555FF79242A565900829871 /* Resources */,
				7555FFB4242A642300829871 /* Embed Frameworks */,
			);
			buildRules = (
			);
			dependencies = (
			);
			name = iosApp;
			packageProductDependencies = (
				07557E9A2C70F91700044A96 /* Swinject */,
				070679482C738813001A2275 /* Zoomable */,
			);
			productName = iosApp;
			productReference = 7555FF7B242A565900829871 /* iosApp.app */;
			productType = "com.apple.product-type.application";
		};
/* End PBXNativeTarget section */

/* Begin PBXProject section */
		7555FF73242A565900829871 /* Project object */ = {
			isa = PBXProject;
			attributes = {
				BuildIndependentTargetsInParallel = YES;
				LastSwiftUpdateCheck = 1130;
				LastUpgradeCheck = 1540;
				ORGANIZATIONNAME = orgName;
				TargetAttributes = {
					7555FF7A242A565900829871 = {
						CreatedOnToolsVersion = 11.3.1;
					};
				};
			};
			buildConfigurationList = 7555FF76242A565900829871 /* Build configuration list for PBXProject "iosApp" */;
			compatibilityVersion = "Xcode 9.3";
			developmentRegion = en;
			hasScannedForEncodings = 0;
			knownRegions = (
				en,
				Base,
			);
			mainGroup = 7555FF72242A565900829871;
			packageReferences = (
				07557E992C70F91700044A96 /* XCRemoteSwiftPackageReference "Swinject" */,
				070679472C738813001A2275 /* XCRemoteSwiftPackageReference "Zoomable" */,
			);
			productRefGroup = 7555FF7C242A565900829871 /* Products */;
			projectDirPath = "";
			projectRoot = "";
			targets = (
				7555FF7A242A565900829871 /* iosApp */,
			);
		};
/* End PBXProject section */

/* Begin PBXResourcesBuildPhase section */
		7555FF79242A565900829871 /* Resources */ = {
			isa = PBXResourcesBuildPhase;
			buildActionMask = 2147483647;
			files = (
				058557D9273AAEEB004C7B11 /* Preview Assets.xcassets in Resources */,
				058557BB273AAA24004C7B11 /* Assets.xcassets in Resources */,
			);
			runOnlyForDeploymentPostprocessing = 0;
		};
/* End PBXResourcesBuildPhase section */

/* Begin PBXShellScriptBuildPhase section */
		7555FFB5242A651A00829871 /* ShellScript */ = {
			isa = PBXShellScriptBuildPhase;
			alwaysOutOfDate = 1;
			buildActionMask = 2147483647;
			files = (
			);
			inputFileListPaths = (
			);
			inputPaths = (
			);
			outputFileListPaths = (
			);
			outputPaths = (
			);
			runOnlyForDeploymentPostprocessing = 0;
			shellPath = /bin/sh;
			shellScript = "cd \"$SRCROOT/..\"\n./gradlew :shared:embedAndSignAppleFrameworkForXcode\n";
		};
/* End PBXShellScriptBuildPhase section */

/* Begin PBXSourcesBuildPhase section */
		7555FF77242A565900829871 /* Sources */ = {
			isa = PBXSourcesBuildPhase;
			buildActionMask = 2147483647;
			files = (
				07C1075B2C6F9BDA0032F3E6 /* ChatObserve.swift in Sources */,
				07C83BE42C6B624100CC4485 /* Media.swift in Sources */,
				07065AF92C6D1DA000280500 /* Defaults.swift in Sources */,
				07C83BDD2C6B624100CC4485 /* BottomSheet.swift in Sources */,
				07C83BD62C6B624100CC4485 /* Theme.swift in Sources */,
				07C83BE82C6B624100CC4485 /* Main.swift in Sources */,
				07C83BD52C6B624100CC4485 /* Scope.swift in Sources */,
				07C107472C6F9A940032F3E6 /* SearchScreen.swift in Sources */,
				07C107552C6F9B790032F3E6 /* HomeObserve.swift in Sources */,
				07C83BE22C6B624100CC4485 /* ToastView.swift in Sources */,
				07C1074D2C6F9B0C0032F3E6 /* PostCreatorScreen.swift in Sources */,
				07C83BD82C6B624100CC4485 /* BarBuilder.swift in Sources */,
				07C83BD22C6B624100CC4485 /* AppModule.swift in Sources */,
				07C83BD32C6B624100CC4485 /* AppObserve.swift in Sources */,
				07C83BDA2C6B624100CC4485 /* BottomBarItem.swift in Sources */,
				07C83BE12C6B624100CC4485 /* StatusBar.swift in Sources */,
				07C1074B2C6F9AC30032F3E6 /* ProfileObserve.swift in Sources */,
				07C107432C6F9A440032F3E6 /* SearchObserve.swift in Sources */,
				07C107532C6F9B5D0032F3E6 /* HomeScreen.swift in Sources */,
				07C83BE02C6B624100CC4485 /* OutlinedTextField.swift in Sources */,
				07C107592C6F9BB30032F3E6 /* ChatScreen.swift in Sources */,
				07C1075F2C6F9C480032F3E6 /* MessengerObserve.swift in Sources */,
				07C1074F2C6F9B1D0032F3E6 /* PostCreatorObserve.swift in Sources */,
				07C83BE72C6B624100CC4485 /* AppDelegate.swift in Sources */,
				07C83BDE2C6B624100CC4485 /* Image.swift in Sources */,
				07C83BE52C6B624100CC4485 /* Utils.swift in Sources */,
				07C83BD92C6B624100CC4485 /* BottomBar.swift in Sources */,
				07C107492C6F9AB20032F3E6 /* ProfileScreen.swift in Sources */,
				07065AF42C6D0D1900280500 /* AuthObserve.swift in Sources */,
				07C83BDB2C6B624100CC4485 /* BottomBarItemView.swift in Sources */,
				07C83BE62C6B624100CC4485 /* Web.swift in Sources */,
				07C107452C6F9A6B0032F3E6 /* AuthScreen.swift in Sources */,
				07C83BD72C6B624100CC4485 /* Roots.swift in Sources */,
				07065AEB2C6CFB4100280500 /* IOSApp.swift in Sources */,
				07C1075D2C6F9C2B0032F3E6 /* MessengerScreen.swift in Sources */,
				07C83BE32C6B624100CC4485 /* Views.swift in Sources */,
				07C107572C6F9B950032F3E6 /* Items.swift in Sources */,
				07C83BDC2C6B624100CC4485 /* BackButton.swift in Sources */,
				07C83BDF2C6B624100CC4485 /* NavigationDrawer.swift in Sources */,
				07C83BD42C6B624100CC4485 /* Color.swift in Sources */,
				07C107512C6F9B370032F3E6 /* PostScreen.swift in Sources */,
			);
			runOnlyForDeploymentPostprocessing = 0;
		};
/* End PBXSourcesBuildPhase section */

/* Begin XCBuildConfiguration section */
		7555FFA3242A565B00829871 /* Debug */ = {
			isa = XCBuildConfiguration;
			buildSettings = {
				ALWAYS_SEARCH_USER_PATHS = NO;
				CLANG_ANALYZER_NONNULL = YES;
				CLANG_ANALYZER_NUMBER_OBJECT_CONVERSION = YES_AGGRESSIVE;
				CLANG_CXX_LANGUAGE_STANDARD = "gnu++14";
				CLANG_CXX_LIBRARY = "libc++";
				CLANG_ENABLE_MODULES = YES;
				CLANG_ENABLE_OBJC_ARC = YES;
				CLANG_ENABLE_OBJC_WEAK = YES;
				CLANG_WARN_BLOCK_CAPTURE_AUTORELEASING = YES;
				CLANG_WARN_BOOL_CONVERSION = YES;
				CLANG_WARN_COMMA = YES;
				CLANG_WARN_CONSTANT_CONVERSION = YES;
				CLANG_WARN_DEPRECATED_OBJC_IMPLEMENTATIONS = YES;
				CLANG_WARN_DIRECT_OBJC_ISA_USAGE = YES_ERROR;
				CLANG_WARN_DOCUMENTATION_COMMENTS = YES;
				CLANG_WARN_EMPTY_BODY = YES;
				CLANG_WARN_ENUM_CONVERSION = YES;
				CLANG_WARN_INFINITE_RECURSION = YES;
				CLANG_WARN_INT_CONVERSION = YES;
				CLANG_WARN_NON_LITERAL_NULL_CONVERSION = YES;
				CLANG_WARN_OBJC_IMPLICIT_RETAIN_SELF = YES;
				CLANG_WARN_OBJC_LITERAL_CONVERSION = YES;
				CLANG_WARN_OBJC_ROOT_CLASS = YES_ERROR;
				CLANG_WARN_QUOTED_INCLUDE_IN_FRAMEWORK_HEADER = YES;
				CLANG_WARN_RANGE_LOOP_ANALYSIS = YES;
				CLANG_WARN_STRICT_PROTOTYPES = YES;
				CLANG_WARN_SUSPICIOUS_MOVE = YES;
				CLANG_WARN_UNGUARDED_AVAILABILITY = YES_AGGRESSIVE;
				CLANG_WARN_UNREACHABLE_CODE = YES;
				CLANG_WARN__DUPLICATE_METHOD_MATCH = YES;
				COPY_PHASE_STRIP = NO;
				DEBUG_INFORMATION_FORMAT = "dwarf-with-dsym";
				ENABLE_STRICT_OBJC_MSGSEND = YES;
				ENABLE_TESTABILITY = YES;
				ENABLE_USER_SCRIPT_SANDBOXING = NO;
				GCC_C_LANGUAGE_STANDARD = gnu11;
				GCC_DYNAMIC_NO_PIC = NO;
				GCC_NO_COMMON_BLOCKS = YES;
				GCC_OPTIMIZATION_LEVEL = 0;
				GCC_PREPROCESSOR_DEFINITIONS = (
					"DEBUG=1",
					"$(inherited)",
				);
				GCC_WARN_64_TO_32_BIT_CONVERSION = YES;
				GCC_WARN_ABOUT_RETURN_TYPE = YES_ERROR;
				GCC_WARN_UNDECLARED_SELECTOR = YES;
				GCC_WARN_UNINITIALIZED_AUTOS = YES_AGGRESSIVE;
				GCC_WARN_UNUSED_FUNCTION = YES;
				GCC_WARN_UNUSED_VARIABLE = YES;
				IPHONEOS_DEPLOYMENT_TARGET = 16.0;
				MTL_ENABLE_DEBUG_INFO = INCLUDE_SOURCE;
				MTL_FAST_MATH = YES;
				ONLY_ACTIVE_ARCH = YES;
				SDKROOT = iphoneos;
				SWIFT_ACTIVE_COMPILATION_CONDITIONS = DEBUG;
				SWIFT_OPTIMIZATION_LEVEL = "-Onone";
			};
			name = Debug;
		};
		7555FFA4242A565B00829871 /* Release */ = {
			isa = XCBuildConfiguration;
			buildSettings = {
				ALWAYS_SEARCH_USER_PATHS = NO;
				CLANG_ANALYZER_NONNULL = YES;
				CLANG_ANALYZER_NUMBER_OBJECT_CONVERSION = YES_AGGRESSIVE;
				CLANG_CXX_LANGUAGE_STANDARD = "gnu++14";
				CLANG_CXX_LIBRARY = "libc++";
				CLANG_ENABLE_MODULES = YES;
				CLANG_ENABLE_OBJC_ARC = YES;
				CLANG_ENABLE_OBJC_WEAK = YES;
				CLANG_WARN_BLOCK_CAPTURE_AUTORELEASING = YES;
				CLANG_WARN_BOOL_CONVERSION = YES;
				CLANG_WARN_COMMA = YES;
				CLANG_WARN_CONSTANT_CONVERSION = YES;
				CLANG_WARN_DEPRECATED_OBJC_IMPLEMENTATIONS = YES;
				CLANG_WARN_DIRECT_OBJC_ISA_USAGE = YES_ERROR;
				CLANG_WARN_DOCUMENTATION_COMMENTS = YES;
				CLANG_WARN_EMPTY_BODY = YES;
				CLANG_WARN_ENUM_CONVERSION = YES;
				CLANG_WARN_INFINITE_RECURSION = YES;
				CLANG_WARN_INT_CONVERSION = YES;
				CLANG_WARN_NON_LITERAL_NULL_CONVERSION = YES;
				CLANG_WARN_OBJC_IMPLICIT_RETAIN_SELF = YES;
				CLANG_WARN_OBJC_LITERAL_CONVERSION = YES;
				CLANG_WARN_OBJC_ROOT_CLASS = YES_ERROR;
				CLANG_WARN_QUOTED_INCLUDE_IN_FRAMEWORK_HEADER = YES;
				CLANG_WARN_RANGE_LOOP_ANALYSIS = YES;
				CLANG_WARN_STRICT_PROTOTYPES = YES;
				CLANG_WARN_SUSPICIOUS_MOVE = YES;
				CLANG_WARN_UNGUARDED_AVAILABILITY = YES_AGGRESSIVE;
				CLANG_WARN_UNREACHABLE_CODE = YES;
				CLANG_WARN__DUPLICATE_METHOD_MATCH = YES;
				COPY_PHASE_STRIP = NO;
				DEBUG_INFORMATION_FORMAT = "dwarf-with-dsym";
				ENABLE_NS_ASSERTIONS = NO;
				ENABLE_STRICT_OBJC_MSGSEND = YES;
				ENABLE_USER_SCRIPT_SANDBOXING = NO;
				GCC_C_LANGUAGE_STANDARD = gnu11;
				GCC_NO_COMMON_BLOCKS = YES;
				GCC_WARN_64_TO_32_BIT_CONVERSION = YES;
				GCC_WARN_ABOUT_RETURN_TYPE = YES_ERROR;
				GCC_WARN_UNDECLARED_SELECTOR = YES;
				GCC_WARN_UNINITIALIZED_AUTOS = YES_AGGRESSIVE;
				GCC_WARN_UNUSED_FUNCTION = YES;
				GCC_WARN_UNUSED_VARIABLE = YES;
				IPHONEOS_DEPLOYMENT_TARGET = 16.0;
				MTL_ENABLE_DEBUG_INFO = NO;
				MTL_FAST_MATH = YES;
				SDKROOT = iphoneos;
				SWIFT_COMPILATION_MODE = wholemodule;
				SWIFT_OPTIMIZATION_LEVEL = "-O";
				VALIDATE_PRODUCT = YES;
			};
			name = Release;
		};
		7555FFA6242A565B00829871 /* Debug */ = {
			isa = XCBuildConfiguration;
			buildSettings = {
				ASSETCATALOG_COMPILER_APPICON_NAME = AppIcon;
				CODE_SIGN_STYLE = Automatic;
				DEVELOPMENT_ASSET_PATHS = "\"iosApp/Preview Content\"";
				ENABLE_PREVIEWS = YES;
				ENABLE_USER_SCRIPT_SANDBOXING = NO;
				FRAMEWORK_SEARCH_PATHS = (
					"$(inherited)",
					"$(SRCROOT)/../shared/build/xcode-frameworks/$(CONFIGURATION)/$(SDK_NAME)",
				);
				INFOPLIST_FILE = iosApp/Info.plist;
				INFOPLIST_KEY_LSApplicationCategoryType = "public.app-category.social-networking";
				IPHONEOS_DEPLOYMENT_TARGET = 16.4;
				LD_RUNPATH_SEARCH_PATHS = (
					"$(inherited)",
					"@executable_path/Frameworks",
				);
				OTHER_LDFLAGS = (
					"$(inherited)",
					"-framework",
					shared,
				);
				PRODUCT_BUNDLE_IDENTIFIER = orgIdentifier.iosApp;
				PRODUCT_NAME = "$(TARGET_NAME)";
				SUPPORTED_PLATFORMS = "iphoneos iphonesimulator";
				SUPPORTS_MACCATALYST = NO;
				SUPPORTS_MAC_DESIGNED_FOR_IPHONE_IPAD = NO;
				SUPPORTS_XR_DESIGNED_FOR_IPHONE_IPAD = NO;
				SWIFT_VERSION = 5.0;
				TARGETED_DEVICE_FAMILY = "1,2";
			};
			name = Debug;
		};
		7555FFA7242A565B00829871 /* Release */ = {
			isa = XCBuildConfiguration;
			buildSettings = {
				ASSETCATALOG_COMPILER_APPICON_NAME = AppIcon;
				CODE_SIGN_STYLE = Automatic;
				DEVELOPMENT_ASSET_PATHS = "\"iosApp/Preview Content\"";
				ENABLE_PREVIEWS = YES;
				ENABLE_USER_SCRIPT_SANDBOXING = NO;
				FRAMEWORK_SEARCH_PATHS = (
					"$(inherited)",
					"$(SRCROOT)/../shared/build/xcode-frameworks/$(CONFIGURATION)/$(SDK_NAME)",
				);
				INFOPLIST_FILE = iosApp/Info.plist;
				INFOPLIST_KEY_LSApplicationCategoryType = "public.app-category.social-networking";
				IPHONEOS_DEPLOYMENT_TARGET = 16.4;
				LD_RUNPATH_SEARCH_PATHS = (
					"$(inherited)",
					"@executable_path/Frameworks",
				);
				OTHER_LDFLAGS = (
					"$(inherited)",
					"-framework",
					shared,
				);
				PRODUCT_BUNDLE_IDENTIFIER = orgIdentifier.iosApp;
				PRODUCT_NAME = "$(TARGET_NAME)";
				SUPPORTED_PLATFORMS = "iphoneos iphonesimulator";
				SUPPORTS_MACCATALYST = NO;
				SUPPORTS_MAC_DESIGNED_FOR_IPHONE_IPAD = NO;
				SUPPORTS_XR_DESIGNED_FOR_IPHONE_IPAD = NO;
				SWIFT_VERSION = 5.0;
				TARGETED_DEVICE_FAMILY = "1,2";
			};
			name = Release;
		};
/* End XCBuildConfiguration section */

/* Begin XCConfigurationList section */
		7555FF76242A565900829871 /* Build configuration list for PBXProject "iosApp" */ = {
			isa = XCConfigurationList;
			buildConfigurations = (
				7555FFA3242A565B00829871 /* Debug */,
				7555FFA4242A565B00829871 /* Release */,
			);
			defaultConfigurationIsVisible = 0;
			defaultConfigurationName = Release;
		};
		7555FFA5242A565B00829871 /* Build configuration list for PBXNativeTarget "iosApp" */ = {
			isa = XCConfigurationList;
			buildConfigurations = (
				7555FFA6242A565B00829871 /* Debug */,
				7555FFA7242A565B00829871 /* Release */,
			);
			defaultConfigurationIsVisible = 0;
			defaultConfigurationName = Release;
		};
/* End XCConfigurationList section */

/* Begin XCRemoteSwiftPackageReference section */
		070679472C738813001A2275 /* XCRemoteSwiftPackageReference "Zoomable" */ = {
			isa = XCRemoteSwiftPackageReference;
			repositoryURL = "https://github.com/ryohey/Zoomable.git";
			requirement = {
				branch = main;
				kind = branch;
			};
		};
		07557E992C70F91700044A96 /* XCRemoteSwiftPackageReference "Swinject" */ = {
			isa = XCRemoteSwiftPackageReference;
			repositoryURL = "https://github.com/Swinject/Swinject";
			requirement = {
				kind = upToNextMajorVersion;
				minimumVersion = 2.9.1;
			};
		};
/* End XCRemoteSwiftPackageReference section */

/* Begin XCSwiftPackageProductDependency section */
		070679482C738813001A2275 /* Zoomable */ = {
			isa = XCSwiftPackageProductDependency;
			package = 070679472C738813001A2275 /* XCRemoteSwiftPackageReference "Zoomable" */;
			productName = Zoomable;
		};
		07557E9A2C70F91700044A96 /* Swinject */ = {
			isa = XCSwiftPackageProductDependency;
			package = 07557E992C70F91700044A96 /* XCRemoteSwiftPackageReference "Swinject" */;
			productName = Swinject;
		};
/* End XCSwiftPackageProductDependency section */
	};
	rootObject = 7555FF73242A565900829871 /* Project object */;
}
